Microsoft Visual Studio Solution File, Format Version 12.00
# Visual Studio Version 17
VisualStudioVersion = 17.5.2.0
MinimumVisualStudioVersion = 10.0.40219.1
Project("{2150E333-8FDC-42A3-9474-1A3956D46DE8}") = "medical-history-provider", "medical-history-provider", "{BB0D0C76-B5A7-5528-E8DB-9C3BD0A18043}"
EndProject
Project("{FAE04EC0-301F-11D3-BF4B-00C04F79EFBC}") = "PatientMedicalHistoryApi", "medical-history-provider\PatientMedicalHistoryApi\PatientMedicalHistoryApi.csproj", "{73BB2CF1-B0AF-2B43-9D08-9F5D00D07740}"
EndProject
Global
	GlobalSection(SolutionConfigurationPlatforms) = preSolution
		Debug|Any CPU = Debug|Any CPU
		Release|Any CPU = Release|Any CPU
	EndGlobalSection
	GlobalSection(ProjectConfigurationPlatforms) = postSolution
		{73BB2CF1-B0AF-2B43-9D08-9F5D00D07740}.Debug|Any CPU.ActiveCfg = Debug|Any CPU
		{73BB2CF1-B0AF-2B43-9D08-9F5D00D07740}.Debug|Any CPU.Build.0 = Debug|Any CPU
		{73BB2CF1-B0AF-2B43-9D08-9F5D00D07740}.Release|Any CPU.ActiveCfg = Release|Any CPU
		{73BB2CF1-B0AF-2B43-9D08-9F5D00D07740}.Release|Any CPU.Build.0 = Release|Any CPU
	EndGlobalSection
	GlobalSection(SolutionProperties) = preSolution
		HideSolutionNode = FALSE
	EndGlobalSection
	GlobalSection(NestedProjects) = preSolution
		{73BB2CF1-B0AF-2B43-9D08-9F5D00D07740} = {BB0D0C76-B5A7-5528-E8DB-9C3BD0A18043}
	EndGlobalSection
	GlobalSection(ExtensibilityGlobals) = postSolution
		SolutionGuid = {7625777F-3B69-444D-B52E-ECC7F8391F55}
	EndGlobalSection
EndGlobal
